
Microsoft Visual Studio Solution File, Format Version 12.00
# Visual Studio Version 17
VisualStudioVersion = 17.9.34616.47
MinimumVisualStudioVersion = 10.0.40219.1
Project("{FAE04EC0-301F-11D3-BF4B-00C04F79EFBC}") = "BlueRockTest", "BlueRockTest\BlueRockTest.csproj", "{668215AE-47F5-4A97-B224-E21971478978}"
EndProject
Global
	GlobalSection(SolutionConfigurationPlatforms) = preSolution
		Debug|Any CPU = Debug|Any CPU
		Release|Any CPU = Release|Any CPU
	EndGlobalSection
	GlobalSection(ProjectConfigurationPlatforms) = postSolution
		{668215AE-47F5-4A97-B224-E21971478978}.Debug|Any CPU.ActiveCfg = Debug|Any CPU
		{668215AE-47F5-4A97-B224-E21971478978}.Debug|Any CPU.Build.0 = Debug|Any CPU
		{668215AE-47F5-4A97-B224-E21971478978}.Release|Any CPU.ActiveCfg = Release|Any CPU
		{668215AE-47F5-4A97-B224-E21971478978}.Release|Any CPU.Build.0 = Release|Any CPU
	EndGlobalSection
	GlobalSection(SolutionProperties) = preSolution
		HideSolutionNode = FALSE
	EndGlobalSection
	GlobalSection(ExtensibilityGlobals) = postSolution
		SolutionGuid = {CE11DD3F-3791-443E-AFD4-B5FFC4639C8E}
	EndGlobalSection
EndGlobal
